
Microsoft Visual Studio Solution File, Format Version 12.00
# Visual Studio Version 16
VisualStudioVersion = 25.0.1703.0
MinimumVisualStudioVersion = 10.0.40219.1
Project("{FAE04EC0-301F-11D3-BF4B-00C04F79EFBC}") = "EntiityFramworkFundamentals", "EntiityFramworkFundamentals\EntiityFramworkFundamentals.csproj", "{812CC5E7-6062-48FA-BFB9-3422182258EB}"
EndProject
Global
	GlobalSection(SolutionConfigurationPlatforms) = preSolution
		Debug|Any CPU = Debug|Any CPU
		Release|Any CPU = Release|Any CPU
	EndGlobalSection
	GlobalSection(ProjectConfigurationPlatforms) = postSolution
		{812CC5E7-6062-48FA-BFB9-3422182258EB}.Debug|Any CPU.ActiveCfg = Debug|Any CPU
		{812CC5E7-6062-48FA-BFB9-3422182258EB}.Debug|Any CPU.Build.0 = Debug|Any CPU
		{812CC5E7-6062-48FA-BFB9-3422182258EB}.Release|Any CPU.ActiveCfg = Release|Any CPU
		{812CC5E7-6062-48FA-BFB9-3422182258EB}.Release|Any CPU.Build.0 = Release|Any CPU
	EndGlobalSection
	GlobalSection(SolutionProperties) = preSolution
		HideSolutionNode = FALSE
	EndGlobalSection
	GlobalSection(ExtensibilityGlobals) = postSolution
		SolutionGuid = {A09BE755-01F5-47EB-BD75-1669DE04416A}
	EndGlobalSection
EndGlobal
